
Microsoft Visual Studio Solution File, Format Version 12.00
# Visual Studio 15
VisualStudioVersion = 15.0.27703.2042
MinimumVisualStudioVersion = 10.0.40219.1
Project("{FAE04EC0-301F-11D3-BF4B-00C04F79EFBC}") = "WindowsFormsApp1", "WindowsFormsApp1\WindowsFormsApp1.csproj", "{935CD99E-C041-4B87-A270-B1A76750EFD8}"
EndProject
Global
	GlobalSection(SolutionConfigurationPlatforms) = preSolution
		Debug|Any CPU = Debug|Any CPU
		Release|Any CPU = Release|Any CPU
	EndGlobalSection
	GlobalSection(ProjectConfigurationPlatforms) = postSolution
		{935CD99E-C041-4B87-A270-B1A76750EFD8}.Debug|Any CPU.ActiveCfg = Debug|Any CPU
		{935CD99E-C041-4B87-A270-B1A76750EFD8}.Debug|Any CPU.Build.0 = Debug|Any CPU
		{935CD99E-C041-4B87-A270-B1A76750EFD8}.Release|Any CPU.ActiveCfg = Release|Any CPU
		{935CD99E-C041-4B87-A270-B1A76750EFD8}.Release|Any CPU.Build.0 = Release|Any CPU
	EndGlobalSection
	GlobalSection(SolutionProperties) = preSolution
		HideSolutionNode = FALSE
	EndGlobalSection
	GlobalSection(ExtensibilityGlobals) = postSolution
		SolutionGuid = {79CA1A66-F6B8-4BBC-9B6A-53C33A88BB48}
	EndGlobalSection
EndGlobal
